
Microsoft Visual Studio Solution File, Format Version 11.00
# Visual Studio 2010
Project("{FAE04EC0-301F-11D3-BF4B-00C04F79EFBC}") = "Mailer.Entities", "Mailer.Entities\Mailer.Entities.csproj", "{7B0D93EA-8864-41BE-8F3D-B587659A11E0}"
EndProject
Project("{FAE04EC0-301F-11D3-BF4B-00C04F79EFBC}") = "Mailer.Services", "Mailer.Services\Mailer.Services.csproj", "{677D4CDC-3CEC-4820-94ED-8425629E5A9F}"
EndProject
Project("{FAE04EC0-301F-11D3-BF4B-00C04F79EFBC}") = "Mailer.Repositories", "Mailer.Repositories\Mailer.Repositories.csproj", "{70D75497-21BE-415B-BCCC-C23807EE9E3E}"
EndProject
Global
	GlobalSection(SolutionConfigurationPlatforms) = preSolution
		Debug|Any CPU = Debug|Any CPU
		Release|Any CPU = Release|Any CPU
	EndGlobalSection
	GlobalSection(ProjectConfigurationPlatforms) = postSolution
		{7B0D93EA-8864-41BE-8F3D-B587659A11E0}.Debug|Any CPU.ActiveCfg = Debug|Any CPU
		{7B0D93EA-8864-41BE-8F3D-B587659A11E0}.Debug|Any CPU.Build.0 = Debug|Any CPU
		{7B0D93EA-8864-41BE-8F3D-B587659A11E0}.Release|Any CPU.ActiveCfg = Release|Any CPU
		{7B0D93EA-8864-41BE-8F3D-B587659A11E0}.Release|Any CPU.Build.0 = Release|Any CPU
		{677D4CDC-3CEC-4820-94ED-8425629E5A9F}.Debug|Any CPU.ActiveCfg = Debug|Any CPU
		{677D4CDC-3CEC-4820-94ED-8425629E5A9F}.Debug|Any CPU.Build.0 = Debug|Any CPU
		{677D4CDC-3CEC-4820-94ED-8425629E5A9F}.Release|Any CPU.ActiveCfg = Release|Any CPU
		{677D4CDC-3CEC-4820-94ED-8425629E5A9F}.Release|Any CPU.Build.0 = Release|Any CPU
		{70D75497-21BE-415B-BCCC-C23807EE9E3E}.Debug|Any CPU.ActiveCfg = Debug|Any CPU
		{70D75497-21BE-415B-BCCC-C23807EE9E3E}.Debug|Any CPU.Build.0 = Debug|Any CPU
		{70D75497-21BE-415B-BCCC-C23807EE9E3E}.Release|Any CPU.ActiveCfg = Release|Any CPU
		{70D75497-21BE-415B-BCCC-C23807EE9E3E}.Release|Any CPU.Build.0 = Release|Any CPU
	EndGlobalSection
	GlobalSection(SolutionProperties) = preSolution
		HideSolutionNode = FALSE
	EndGlobalSection
EndGlobal
