
Microsoft Visual Studio Solution File, Format Version 11.00
# Visual Studio 2010
Project("{FAE04EC0-301F-11D3-BF4B-00C04F79EFBC}") = "Mailer.Entities", "Mailer.Entities\Mailer.Entities.csproj", "{7B0D93EA-8864-41BE-8F3D-B587659A11E0}"
EndProject
Project("{FAE04EC0-301F-11D3-BF4B-00C04F79EFBC}") = "Mailer.Services", "Mailer.Services\Mailer.Services.csproj", "{677D4CDC-3CEC-4820-94ED-8425629E5A9F}"
EndProject
Project("{FAE04EC0-301F-11D3-BF4B-00C04F79EFBC}") = "Mailer.Repositories", "Mailer.Repositories\Mailer.Repositories.csproj", "{70D75497-21BE-415B-BCCC-C23807EE9E3E}"
EndProject
Project("{FAE04EC0-301F-11D3-BF4B-00C04F79EFBC}") = "Mailer.Services.ClickATell", "Mailer.Services.ClickATell\Mailer.Services.ClickATell.csproj", "{65C07CDE-B8BA-43C5-88E5-CC27B26E1BC0}"
EndProject
Project("{FAE04EC0-301F-11D3-BF4B-00C04F79EFBC}") = "Mailer.NewYearsMailer", "Mailer.NewYearsMailer\Mailer.NewYearsMailer.csproj", "{ECB5BB64-A93B-4FE4-BE6F-40CDC5548867}"
EndProject
Project("{FAE04EC0-301F-11D3-BF4B-00C04F79EFBC}") = "Mailer.Repositories.LocalFileSystem", "Mailer.Repositories.LocalFileSystem\Mailer.Repositories.LocalFileSystem.csproj", "{2AB5A1C4-89B2-4654-9E4C-55458E58D90F}"
EndProject
Project("{FAE04EC0-301F-11D3-BF4B-00C04F79EFBC}") = "Mailer.Repositories.Google", "Mailer.Repositories.Google\Mailer.Repositories.Google.csproj", "{CB48E7A4-4A86-4158-A683-BB2BC823A483}"
EndProject
Project("{FAE04EC0-301F-11D3-BF4B-00C04F79EFBC}") = "Mailer.Domain", "Mailer.Domain\Mailer.Domain.csproj", "{550710AE-37ED-4925-B638-5F55D8AC651F}"
EndProject
Project("{FAE04EC0-301F-11D3-BF4B-00C04F79EFBC}") = "Mailer.Tests", "Mailer.Tests\Mailer.Tests.csproj", "{AEDB7D4D-D070-4F22-8095-B007541FF53B}"
EndProject
Project("{FAE04EC0-301F-11D3-BF4B-00C04F79EFBC}") = "Mailer.Birthday", "Mailer.Birthday\Mailer.Birthday.csproj", "{6290B841-BBF3-40B1-8CC3-F39879E19748}"
EndProject
Project("{FAE04EC0-301F-11D3-BF4B-00C04F79EFBC}") = "Mailer.Fakes", "Mailer.Fakes\Mailer.Fakes.csproj", "{B0F5A461-0B80-433E-9051-BFCA51E2D2A2}"
EndProject
Global
	GlobalSection(SolutionConfigurationPlatforms) = preSolution
		Debug|Any CPU = Debug|Any CPU
		Release|Any CPU = Release|Any CPU
	EndGlobalSection
	GlobalSection(ProjectConfigurationPlatforms) = postSolution
		{7B0D93EA-8864-41BE-8F3D-B587659A11E0}.Debug|Any CPU.ActiveCfg = Debug|Any CPU
		{7B0D93EA-8864-41BE-8F3D-B587659A11E0}.Debug|Any CPU.Build.0 = Debug|Any CPU
		{7B0D93EA-8864-41BE-8F3D-B587659A11E0}.Release|Any CPU.ActiveCfg = Release|Any CPU
		{7B0D93EA-8864-41BE-8F3D-B587659A11E0}.Release|Any CPU.Build.0 = Release|Any CPU
		{677D4CDC-3CEC-4820-94ED-8425629E5A9F}.Debug|Any CPU.ActiveCfg = Debug|Any CPU
		{677D4CDC-3CEC-4820-94ED-8425629E5A9F}.Debug|Any CPU.Build.0 = Debug|Any CPU
		{677D4CDC-3CEC-4820-94ED-8425629E5A9F}.Release|Any CPU.ActiveCfg = Release|Any CPU
		{677D4CDC-3CEC-4820-94ED-8425629E5A9F}.Release|Any CPU.Build.0 = Release|Any CPU
		{70D75497-21BE-415B-BCCC-C23807EE9E3E}.Debug|Any CPU.ActiveCfg = Debug|Any CPU
		{70D75497-21BE-415B-BCCC-C23807EE9E3E}.Debug|Any CPU.Build.0 = Debug|Any CPU
		{70D75497-21BE-415B-BCCC-C23807EE9E3E}.Release|Any CPU.ActiveCfg = Release|Any CPU
		{70D75497-21BE-415B-BCCC-C23807EE9E3E}.Release|Any CPU.Build.0 = Release|Any CPU
		{65C07CDE-B8BA-43C5-88E5-CC27B26E1BC0}.Debug|Any CPU.ActiveCfg = Debug|Any CPU
		{65C07CDE-B8BA-43C5-88E5-CC27B26E1BC0}.Debug|Any CPU.Build.0 = Debug|Any CPU
		{65C07CDE-B8BA-43C5-88E5-CC27B26E1BC0}.Release|Any CPU.ActiveCfg = Release|Any CPU
		{65C07CDE-B8BA-43C5-88E5-CC27B26E1BC0}.Release|Any CPU.Build.0 = Release|Any CPU
		{ECB5BB64-A93B-4FE4-BE6F-40CDC5548867}.Debug|Any CPU.ActiveCfg = Debug|Any CPU
		{ECB5BB64-A93B-4FE4-BE6F-40CDC5548867}.Debug|Any CPU.Build.0 = Debug|Any CPU
		{ECB5BB64-A93B-4FE4-BE6F-40CDC5548867}.Release|Any CPU.ActiveCfg = Release|Any CPU
		{ECB5BB64-A93B-4FE4-BE6F-40CDC5548867}.Release|Any CPU.Build.0 = Release|Any CPU
		{2AB5A1C4-89B2-4654-9E4C-55458E58D90F}.Debug|Any CPU.ActiveCfg = Debug|Any CPU
		{2AB5A1C4-89B2-4654-9E4C-55458E58D90F}.Debug|Any CPU.Build.0 = Debug|Any CPU
		{2AB5A1C4-89B2-4654-9E4C-55458E58D90F}.Release|Any CPU.ActiveCfg = Release|Any CPU
		{2AB5A1C4-89B2-4654-9E4C-55458E58D90F}.Release|Any CPU.Build.0 = Release|Any CPU
		{CB48E7A4-4A86-4158-A683-BB2BC823A483}.Debug|Any CPU.ActiveCfg = Debug|Any CPU
		{CB48E7A4-4A86-4158-A683-BB2BC823A483}.Debug|Any CPU.Build.0 = Debug|Any CPU
		{CB48E7A4-4A86-4158-A683-BB2BC823A483}.Release|Any CPU.ActiveCfg = Release|Any CPU
		{CB48E7A4-4A86-4158-A683-BB2BC823A483}.Release|Any CPU.Build.0 = Release|Any CPU
		{550710AE-37ED-4925-B638-5F55D8AC651F}.Debug|Any CPU.ActiveCfg = Debug|Any CPU
		{550710AE-37ED-4925-B638-5F55D8AC651F}.Debug|Any CPU.Build.0 = Debug|Any CPU
		{550710AE-37ED-4925-B638-5F55D8AC651F}.Release|Any CPU.ActiveCfg = Release|Any CPU
		{550710AE-37ED-4925-B638-5F55D8AC651F}.Release|Any CPU.Build.0 = Release|Any CPU
		{AEDB7D4D-D070-4F22-8095-B007541FF53B}.Debug|Any CPU.ActiveCfg = Debug|Any CPU
		{AEDB7D4D-D070-4F22-8095-B007541FF53B}.Debug|Any CPU.Build.0 = Debug|Any CPU
		{AEDB7D4D-D070-4F22-8095-B007541FF53B}.Release|Any CPU.ActiveCfg = Release|Any CPU
		{AEDB7D4D-D070-4F22-8095-B007541FF53B}.Release|Any CPU.Build.0 = Release|Any CPU
		{6290B841-BBF3-40B1-8CC3-F39879E19748}.Debug|Any CPU.ActiveCfg = Debug|Any CPU
		{6290B841-BBF3-40B1-8CC3-F39879E19748}.Debug|Any CPU.Build.0 = Debug|Any CPU
		{6290B841-BBF3-40B1-8CC3-F39879E19748}.Release|Any CPU.ActiveCfg = Release|Any CPU
		{6290B841-BBF3-40B1-8CC3-F39879E19748}.Release|Any CPU.Build.0 = Release|Any CPU
		{B0F5A461-0B80-433E-9051-BFCA51E2D2A2}.Debug|Any CPU.ActiveCfg = Debug|Any CPU
		{B0F5A461-0B80-433E-9051-BFCA51E2D2A2}.Debug|Any CPU.Build.0 = Debug|Any CPU
		{B0F5A461-0B80-433E-9051-BFCA51E2D2A2}.Release|Any CPU.ActiveCfg = Release|Any CPU
		{B0F5A461-0B80-433E-9051-BFCA51E2D2A2}.Release|Any CPU.Build.0 = Release|Any CPU
	EndGlobalSection
	GlobalSection(SolutionProperties) = preSolution
		HideSolutionNode = FALSE
	EndGlobalSection
EndGlobal
